
Microsoft Visual Studio Solution File, Format Version 12.00
# Visual Studio Version 17
VisualStudioVersion = 17.5.002.0
MinimumVisualStudioVersion = 10.0.40219.1
Project("{9A19103F-16F7-4668-BE54-9A1E7A4F7556}") = "HangfireDemo", "HangfireDemo.csproj", "{A95F140B-54CD-460D-B305-B8AB6FBD3BAC}"
EndProject
Global
	GlobalSection(SolutionConfigurationPlatforms) = preSolution
		Debug|Any CPU = Debug|Any CPU
		Release|Any CPU = Release|Any CPU
	EndGlobalSection
	GlobalSection(ProjectConfigurationPlatforms) = postSolution
		{A95F140B-54CD-460D-B305-B8AB6FBD3BAC}.Debug|Any CPU.ActiveCfg = Debug|Any CPU
		{A95F140B-54CD-460D-B305-B8AB6FBD3BAC}.Debug|Any CPU.Build.0 = Debug|Any CPU
		{A95F140B-54CD-460D-B305-B8AB6FBD3BAC}.Release|Any CPU.ActiveCfg = Release|Any CPU
		{A95F140B-54CD-460D-B305-B8AB6FBD3BAC}.Release|Any CPU.Build.0 = Release|Any CPU
	EndGlobalSection
	GlobalSection(SolutionProperties) = preSolution
		HideSolutionNode = FALSE
	EndGlobalSection
	GlobalSection(ExtensibilityGlobals) = postSolution
		SolutionGuid = {0CD6167F-9A63-41C7-9C2B-CE57E6A34D25}
	EndGlobalSection
EndGlobal
